
Microsoft Visual Studio Solution File, Format Version 12.00
# Visual Studio Version 16
VisualStudioVersion = 16.0.31313.79
MinimumVisualStudioVersion = 10.0.40219.1
Project("{FAE04EC0-301F-11D3-BF4B-00C04F79EFBC}") = "WPF ListView", "WPF ListView\WPF ListView.csproj", "{8EC272E9-2ABF-4430-9545-FB94B7967380}"
EndProject
Global
	GlobalSection(SolutionConfigurationPlatforms) = preSolution
		Debug|Any CPU = Debug|Any CPU
		Release|Any CPU = Release|Any CPU
	EndGlobalSection
	GlobalSection(ProjectConfigurationPlatforms) = postSolution
		{8EC272E9-2ABF-4430-9545-FB94B7967380}.Debug|Any CPU.ActiveCfg = Debug|Any CPU
		{8EC272E9-2ABF-4430-9545-FB94B7967380}.Debug|Any CPU.Build.0 = Debug|Any CPU
		{8EC272E9-2ABF-4430-9545-FB94B7967380}.Release|Any CPU.ActiveCfg = Release|Any CPU
		{8EC272E9-2ABF-4430-9545-FB94B7967380}.Release|Any CPU.Build.0 = Release|Any CPU
	EndGlobalSection
	GlobalSection(SolutionProperties) = preSolution
		HideSolutionNode = FALSE
	EndGlobalSection
	GlobalSection(ExtensibilityGlobals) = postSolution
		SolutionGuid = {F3E812F2-D2E0-4290-BF05-DC480965ABD1}
	EndGlobalSection
EndGlobal
